
Microsoft Visual Studio Solution File, Format Version 12.00
# Visual Studio Version 16
VisualStudioVersion = 16.0.29613.14
MinimumVisualStudioVersion = 10.0.40219.1
Project("{FAE04EC0-301F-11D3-BF4B-00C04F79EFBC}") = "ConstantLengthCache", "ConstantLengthCache\ConstantLengthCache.csproj", "{7D1889B9-557E-42E2-A595-AEE2AD7274B2}"
EndProject
Project("{FAE04EC0-301F-11D3-BF4B-00C04F79EFBC}") = "CacheTests", "CacheTests\CacheTests.csproj", "{86A751EB-1013-4887-A206-44F1CC6857CA}"
EndProject
Global
	GlobalSection(SolutionConfigurationPlatforms) = preSolution
		Debug|Any CPU = Debug|Any CPU
		Release|Any CPU = Release|Any CPU
	EndGlobalSection
	GlobalSection(ProjectConfigurationPlatforms) = postSolution
		{7D1889B9-557E-42E2-A595-AEE2AD7274B2}.Debug|Any CPU.ActiveCfg = Debug|Any CPU
		{7D1889B9-557E-42E2-A595-AEE2AD7274B2}.Debug|Any CPU.Build.0 = Debug|Any CPU
		{7D1889B9-557E-42E2-A595-AEE2AD7274B2}.Release|Any CPU.ActiveCfg = Release|Any CPU
		{7D1889B9-557E-42E2-A595-AEE2AD7274B2}.Release|Any CPU.Build.0 = Release|Any CPU
		{86A751EB-1013-4887-A206-44F1CC6857CA}.Debug|Any CPU.ActiveCfg = Debug|Any CPU
		{86A751EB-1013-4887-A206-44F1CC6857CA}.Debug|Any CPU.Build.0 = Debug|Any CPU
		{86A751EB-1013-4887-A206-44F1CC6857CA}.Release|Any CPU.ActiveCfg = Release|Any CPU
		{86A751EB-1013-4887-A206-44F1CC6857CA}.Release|Any CPU.Build.0 = Release|Any CPU
	EndGlobalSection
	GlobalSection(SolutionProperties) = preSolution
		HideSolutionNode = FALSE
	EndGlobalSection
	GlobalSection(ExtensibilityGlobals) = postSolution
		SolutionGuid = {ECD72C65-CA04-4B6A-AD2E-B4B6C9E06D34}
	EndGlobalSection
EndGlobal
